
Microsoft Visual Studio Solution File, Format Version 12.00
# Visual Studio Version 17
VisualStudioVersion = 17.6.33829.357
MinimumVisualStudioVersion = 10.0.40219.1
Project("{9A19103F-16F7-4668-BE54-9A1E7A4F7556}") = "SmEticaret.Mvc", "SmEticaret.Mvc\SmEticaret.Mvc.csproj", "{AB715CEB-025F-48EB-ADC7-0E753157B6D5}"
EndProject
Project("{9A19103F-16F7-4668-BE54-9A1E7A4F7556}") = "SmEticaret.Data", "SmEticaret.Data\SmEticaret.Data.csproj", "{27F1CC63-B3F5-4B44-9438-CCF744328BD7}"
EndProject
Project("{9A19103F-16F7-4668-BE54-9A1E7A4F7556}") = "SmEticaret.Api", "SmEticaret.Api\SmEticaret.Api.csproj", "{A24F2DEB-3B09-48CD-A54E-7F3D674FBEF3}"
EndProject
Project("{FAE04EC0-301F-11D3-BF4B-00C04F79EFBC}") = "SmEticaret.Shared", "SmEticaret.Shared\SmEticaret.Shared.csproj", "{C13ED18C-12BC-4C3D-BC48-BFE9D41ED53C}"
EndProject
Global
	GlobalSection(SolutionConfigurationPlatforms) = preSolution
		Debug|Any CPU = Debug|Any CPU
		Release|Any CPU = Release|Any CPU
	EndGlobalSection
	GlobalSection(ProjectConfigurationPlatforms) = postSolution
		{AB715CEB-025F-48EB-ADC7-0E753157B6D5}.Debug|Any CPU.ActiveCfg = Debug|Any CPU
		{AB715CEB-025F-48EB-ADC7-0E753157B6D5}.Debug|Any CPU.Build.0 = Debug|Any CPU
		{AB715CEB-025F-48EB-ADC7-0E753157B6D5}.Release|Any CPU.ActiveCfg = Release|Any CPU
		{AB715CEB-025F-48EB-ADC7-0E753157B6D5}.Release|Any CPU.Build.0 = Release|Any CPU
		{27F1CC63-B3F5-4B44-9438-CCF744328BD7}.Debug|Any CPU.ActiveCfg = Debug|Any CPU
		{27F1CC63-B3F5-4B44-9438-CCF744328BD7}.Debug|Any CPU.Build.0 = Debug|Any CPU
		{27F1CC63-B3F5-4B44-9438-CCF744328BD7}.Release|Any CPU.ActiveCfg = Release|Any CPU
		{27F1CC63-B3F5-4B44-9438-CCF744328BD7}.Release|Any CPU.Build.0 = Release|Any CPU
		{A24F2DEB-3B09-48CD-A54E-7F3D674FBEF3}.Debug|Any CPU.ActiveCfg = Debug|Any CPU
		{A24F2DEB-3B09-48CD-A54E-7F3D674FBEF3}.Debug|Any CPU.Build.0 = Debug|Any CPU
		{A24F2DEB-3B09-48CD-A54E-7F3D674FBEF3}.Release|Any CPU.ActiveCfg = Release|Any CPU
		{A24F2DEB-3B09-48CD-A54E-7F3D674FBEF3}.Release|Any CPU.Build.0 = Release|Any CPU
		{C13ED18C-12BC-4C3D-BC48-BFE9D41ED53C}.Debug|Any CPU.ActiveCfg = Debug|Any CPU
		{C13ED18C-12BC-4C3D-BC48-BFE9D41ED53C}.Debug|Any CPU.Build.0 = Debug|Any CPU
		{C13ED18C-12BC-4C3D-BC48-BFE9D41ED53C}.Release|Any CPU.ActiveCfg = Release|Any CPU
		{C13ED18C-12BC-4C3D-BC48-BFE9D41ED53C}.Release|Any CPU.Build.0 = Release|Any CPU
	EndGlobalSection
	GlobalSection(SolutionProperties) = preSolution
		HideSolutionNode = FALSE
	EndGlobalSection
	GlobalSection(ExtensibilityGlobals) = postSolution
		SolutionGuid = {51E78A24-2A4D-4DFE-91F0-042F6160FEAE}
	EndGlobalSection
EndGlobal
